// !$*UTF8*$!
{
	archiveVersion = 1;
	classes = {
	};
	objectVersion = 55;
	objects = {

/* Begin PBXBuildFile section */
		194251A7274A3694007E86B8 /* UICollectionView+Extension.swift in Sources */ = {isa = PBXBuildFile; fileRef = 194251A6274A3694007E86B8 /* UICollectionView+Extension.swift */; };
		1998752B274F9D76004CD747 /* ChallengeTitleView.xib in Resources */ = {isa = PBXBuildFile; fileRef = 1998752A274F9D76004CD747 /* ChallengeTitleView.xib */; };
		1998752D274FA852004CD747 /* ChallengeTitleView.swift in Sources */ = {isa = PBXBuildFile; fileRef = 1998752C274FA852004CD747 /* ChallengeTitleView.swift */; };
		19BF8DDF27473E9D00776E1A /* SelectedType.swift in Sources */ = {isa = PBXBuildFile; fileRef = 19BF8DDE27473E9D00776E1A /* SelectedType.swift */; };
		19BF8DE327474B6D00776E1A /* JoinChallengeView.xib in Resources */ = {isa = PBXBuildFile; fileRef = 19BF8DE227474B6D00776E1A /* JoinChallengeView.xib */; };
		19BF8DE527474BBD00776E1A /* JoinChallengeView.swift in Sources */ = {isa = PBXBuildFile; fileRef = 19BF8DE427474BBD00776E1A /* JoinChallengeView.swift */; };
		19DE921F273FC8D8001B0C30 /* TodayCalendarCell.swift in Sources */ = {isa = PBXBuildFile; fileRef = 19DE921E273FC8D8001B0C30 /* TodayCalendarCell.swift */; };
		19DE9221273FD0FD001B0C30 /* ChallengeCalendarCell.swift in Sources */ = {isa = PBXBuildFile; fileRef = 19DE9220273FD0FD001B0C30 /* ChallengeCalendarCell.swift */; };
		9B9927DA2733DED200A180CB /* CalendarVC.swift in Sources */ = {isa = PBXBuildFile; fileRef = 9B9927D92733DED200A180CB /* CalendarVC.swift */; };
		9BF5EA6A272E8A590008A5C3 /* FSCalendar in Frameworks */ = {isa = PBXBuildFile; productRef = 9BF5EA69272E8A590008A5C3 /* FSCalendar */; };
		9BF5EA6D272E8B6D0008A5C3 /* Moya in Frameworks */ = {isa = PBXBuildFile; productRef = 9BF5EA6C272E8B6D0008A5C3 /* Moya */; };
		9BF5EA70272E8BD20008A5C3 /* SnapKit in Frameworks */ = {isa = PBXBuildFile; productRef = 9BF5EA6F272E8BD20008A5C3 /* SnapKit */; };
		9BFA84EC2731499800E09C20 /* Calendar.storyboard in Resources */ = {isa = PBXBuildFile; fileRef = 9BFA84EB2731499800E09C20 /* Calendar.storyboard */; };
		A25C8BF0272E8ABB00D2BA78 /* UIView+Extension.swift in Sources */ = {isa = PBXBuildFile; fileRef = A25C8BEF272E8ABB00D2BA78 /* UIView+Extension.swift */; };
		A25C8BF2272E929F00D2BA78 /* UIViewController+Extension.swift in Sources */ = {isa = PBXBuildFile; fileRef = A25C8BF1272E929F00D2BA78 /* UIViewController+Extension.swift */; };
		A25C8BF4272E9E6500D2BA78 /* UITableView+Extension.swift in Sources */ = {isa = PBXBuildFile; fileRef = A25C8BF3272E9E6500D2BA78 /* UITableView+Extension.swift */; };
		A25C8BF6272E9F9C00D2BA78 /* Date+Extension.swift in Sources */ = {isa = PBXBuildFile; fileRef = A25C8BF5272E9F9C00D2BA78 /* Date+Extension.swift */; };
		A25C8BF8272E9FCB00D2BA78 /* String+Extension.swift in Sources */ = {isa = PBXBuildFile; fileRef = A25C8BF7272E9FCB00D2BA78 /* String+Extension.swift */; };
		A25C8BFA2731417800D2BA78 /* UILable+Extension.swift in Sources */ = {isa = PBXBuildFile; fileRef = A25C8BF92731417800D2BA78 /* UILable+Extension.swift */; };
		A25C8BFC2731423000D2BA78 /* UIButton+Extension.swift in Sources */ = {isa = PBXBuildFile; fileRef = A25C8BFB2731423000D2BA78 /* UIButton+Extension.swift */; };
		A2696D64272D163D001A2C60 /* FuturaStd-Medium.otf in Resources */ = {isa = PBXBuildFile; fileRef = A2696D5E272D163D001A2C60 /* FuturaStd-Medium.otf */; };
		A2696D65272D163D001A2C60 /* Spoqa Han Sans Neo Bold.otf in Resources */ = {isa = PBXBuildFile; fileRef = A2696D5F272D163D001A2C60 /* Spoqa Han Sans Neo Bold.otf */; };
		A2696D66272D163D001A2C60 /* FuturaStd-Heavy.otf in Resources */ = {isa = PBXBuildFile; fileRef = A2696D60272D163D001A2C60 /* FuturaStd-Heavy.otf */; };
		A2696D67272D163D001A2C60 /* Spoqa Han Sans Neo Medium.otf in Resources */ = {isa = PBXBuildFile; fileRef = A2696D61272D163D001A2C60 /* Spoqa Han Sans Neo Medium.otf */; };
		A2696D68272D163D001A2C60 /* Spoqa Han Sans Neo Regular.otf in Resources */ = {isa = PBXBuildFile; fileRef = A2696D62272D163D001A2C60 /* Spoqa Han Sans Neo Regular.otf */; };
		A2696D69272D163D001A2C60 /* FuturaStd-Bold.otf in Resources */ = {isa = PBXBuildFile; fileRef = A2696D63272D163D001A2C60 /* FuturaStd-Bold.otf */; };
		A2696D6B272D60C1001A2C60 /* Color.xcassets in Resources */ = {isa = PBXBuildFile; fileRef = A2696D6A272D60C1001A2C60 /* Color.xcassets */; };
		A2696D6F272D6141001A2C60 /* UIColor+Extension.swift in Sources */ = {isa = PBXBuildFile; fileRef = A2696D6E272D6141001A2C60 /* UIColor+Extension.swift */; };
		A2B7BDD12714214300F1DB1F /* AppDelegate.swift in Sources */ = {isa = PBXBuildFile; fileRef = A2B7BDD02714214300F1DB1F /* AppDelegate.swift */; };
		A2B7BDD32714214300F1DB1F /* SceneDelegate.swift in Sources */ = {isa = PBXBuildFile; fileRef = A2B7BDD22714214300F1DB1F /* SceneDelegate.swift */; };
		A2B7BDD52714214300F1DB1F /* ViewController.swift in Sources */ = {isa = PBXBuildFile; fileRef = A2B7BDD42714214300F1DB1F /* ViewController.swift */; };
		A2B7BDD82714214300F1DB1F /* Main.storyboard in Resources */ = {isa = PBXBuildFile; fileRef = A2B7BDD62714214300F1DB1F /* Main.storyboard */; };
		A2B7BDDA2714214600F1DB1F /* Assets.xcassets in Resources */ = {isa = PBXBuildFile; fileRef = A2B7BDD92714214600F1DB1F /* Assets.xcassets */; };
		A2B7BDDD2714214600F1DB1F /* LaunchScreen.storyboard in Resources */ = {isa = PBXBuildFile; fileRef = A2B7BDDB2714214600F1DB1F /* LaunchScreen.storyboard */; };
		A2B7BDE82714214700F1DB1F /* Code_ZeroTests.swift in Sources */ = {isa = PBXBuildFile; fileRef = A2B7BDE72714214700F1DB1F /* Code_ZeroTests.swift */; };
		A2B7BDF22714214700F1DB1F /* Code_ZeroUITests.swift in Sources */ = {isa = PBXBuildFile; fileRef = A2B7BDF12714214700F1DB1F /* Code_ZeroUITests.swift */; };
		A2B7BDF42714214700F1DB1F /* Code_ZeroUITestsLaunchTests.swift in Sources */ = {isa = PBXBuildFile; fileRef = A2B7BDF32714214700F1DB1F /* Code_ZeroUITestsLaunchTests.swift */; };
		A2DC88C7271C05030099438A /* .swiftlint.yml in Resources */ = {isa = PBXBuildFile; fileRef = A2DC88C6271C05030099438A /* .swiftlint.yml */; };
		A2DC88CF271C11D50099438A /* GenericResponse.swift in Sources */ = {isa = PBXBuildFile; fileRef = A2DC88CE271C11D50099438A /* GenericResponse.swift */; };
		A2DC88D1271C11EB0099438A /* UIFont+Extension.swift in Sources */ = {isa = PBXBuildFile; fileRef = A2DC88D0271C11EB0099438A /* UIFont+Extension.swift */; };
		A2DC88D4271C122F0099438A /* Home.swift in Sources */ = {isa = PBXBuildFile; fileRef = A2DC88D3271C122F0099438A /* Home.swift */; };
		A2DC88D8271C12A90099438A /* NetworkResult.swift in Sources */ = {isa = PBXBuildFile; fileRef = A2DC88D7271C12A90099438A /* NetworkResult.swift */; };
/* End PBXBuildFile section */

/* Begin PBXContainerItemProxy section */
		A2B7BDE42714214700F1DB1F /* PBXContainerItemProxy */ = {
			isa = PBXContainerItemProxy;
			containerPortal = A2B7BDC52714214300F1DB1F /* Project object */;
			proxyType = 1;
			remoteGlobalIDString = A2B7BDCC2714214300F1DB1F;
			remoteInfo = "Code-Zero";
		};
		A2B7BDEE2714214700F1DB1F /* PBXContainerItemProxy */ = {
			isa = PBXContainerItemProxy;
			containerPortal = A2B7BDC52714214300F1DB1F /* Project object */;
			proxyType = 1;
			remoteGlobalIDString = A2B7BDCC2714214300F1DB1F;
			remoteInfo = "Code-Zero";
		};
/* End PBXContainerItemProxy section */

/* Begin PBXFileReference section */
		194251A6274A3694007E86B8 /* UICollectionView+Extension.swift */ = {isa = PBXFileReference; fileEncoding = 4; lastKnownFileType = sourcecode.swift; path = "UICollectionView+Extension.swift"; sourceTree = "<group>"; };
		1998752A274F9D76004CD747 /* ChallengeTitleView.xib */ = {isa = PBXFileReference; lastKnownFileType = file.xib; path = ChallengeTitleView.xib; sourceTree = "<group>"; };
		1998752C274FA852004CD747 /* ChallengeTitleView.swift */ = {isa = PBXFileReference; lastKnownFileType = sourcecode.swift; path = ChallengeTitleView.swift; sourceTree = "<group>"; };
		19BF8DDE27473E9D00776E1A /* SelectedType.swift */ = {isa = PBXFileReference; lastKnownFileType = sourcecode.swift; path = SelectedType.swift; sourceTree = "<group>"; };
		19BF8DE227474B6D00776E1A /* JoinChallengeView.xib */ = {isa = PBXFileReference; lastKnownFileType = file.xib; path = JoinChallengeView.xib; sourceTree = "<group>"; };
		19BF8DE427474BBD00776E1A /* JoinChallengeView.swift */ = {isa = PBXFileReference; lastKnownFileType = sourcecode.swift; path = JoinChallengeView.swift; sourceTree = "<group>"; };
		19DE921E273FC8D8001B0C30 /* TodayCalendarCell.swift */ = {isa = PBXFileReference; lastKnownFileType = sourcecode.swift; path = TodayCalendarCell.swift; sourceTree = "<group>"; };
		19DE9220273FD0FD001B0C30 /* ChallengeCalendarCell.swift */ = {isa = PBXFileReference; lastKnownFileType = sourcecode.swift; path = ChallengeCalendarCell.swift; sourceTree = "<group>"; };
		9B9927D92733DED200A180CB /* CalendarVC.swift */ = {isa = PBXFileReference; lastKnownFileType = sourcecode.swift; path = CalendarVC.swift; sourceTree = "<group>"; };
		9BFA84EB2731499800E09C20 /* Calendar.storyboard */ = {isa = PBXFileReference; lastKnownFileType = file.storyboard; path = Calendar.storyboard; sourceTree = "<group>"; };
		A25C8BEF272E8ABB00D2BA78 /* UIView+Extension.swift */ = {isa = PBXFileReference; lastKnownFileType = sourcecode.swift; path = "UIView+Extension.swift"; sourceTree = "<group>"; };
		A25C8BF1272E929F00D2BA78 /* UIViewController+Extension.swift */ = {isa = PBXFileReference; lastKnownFileType = sourcecode.swift; path = "UIViewController+Extension.swift"; sourceTree = "<group>"; };
		A25C8BF3272E9E6500D2BA78 /* UITableView+Extension.swift */ = {isa = PBXFileReference; lastKnownFileType = sourcecode.swift; path = "UITableView+Extension.swift"; sourceTree = "<group>"; };
		A25C8BF5272E9F9C00D2BA78 /* Date+Extension.swift */ = {isa = PBXFileReference; fileEncoding = 4; lastKnownFileType = sourcecode.swift; path = "Date+Extension.swift"; sourceTree = "<group>"; };
		A25C8BF7272E9FCB00D2BA78 /* String+Extension.swift */ = {isa = PBXFileReference; fileEncoding = 4; lastKnownFileType = sourcecode.swift; path = "String+Extension.swift"; sourceTree = "<group>"; };
		A25C8BF92731417800D2BA78 /* UILable+Extension.swift */ = {isa = PBXFileReference; lastKnownFileType = sourcecode.swift; path = "UILable+Extension.swift"; sourceTree = "<group>"; };
		A25C8BFB2731423000D2BA78 /* UIButton+Extension.swift */ = {isa = PBXFileReference; lastKnownFileType = sourcecode.swift; path = "UIButton+Extension.swift"; sourceTree = "<group>"; };
		A2696D5E272D163D001A2C60 /* FuturaStd-Medium.otf */ = {isa = PBXFileReference; lastKnownFileType = file; path = "FuturaStd-Medium.otf"; sourceTree = "<group>"; };
		A2696D5F272D163D001A2C60 /* Spoqa Han Sans Neo Bold.otf */ = {isa = PBXFileReference; lastKnownFileType = file; path = "Spoqa Han Sans Neo Bold.otf"; sourceTree = "<group>"; };
		A2696D60272D163D001A2C60 /* FuturaStd-Heavy.otf */ = {isa = PBXFileReference; lastKnownFileType = file; path = "FuturaStd-Heavy.otf"; sourceTree = "<group>"; };
		A2696D61272D163D001A2C60 /* Spoqa Han Sans Neo Medium.otf */ = {isa = PBXFileReference; lastKnownFileType = file; path = "Spoqa Han Sans Neo Medium.otf"; sourceTree = "<group>"; };
		A2696D62272D163D001A2C60 /* Spoqa Han Sans Neo Regular.otf */ = {isa = PBXFileReference; lastKnownFileType = file; path = "Spoqa Han Sans Neo Regular.otf"; sourceTree = "<group>"; };
		A2696D63272D163D001A2C60 /* FuturaStd-Bold.otf */ = {isa = PBXFileReference; lastKnownFileType = file; path = "FuturaStd-Bold.otf"; sourceTree = "<group>"; };
		A2696D6A272D60C1001A2C60 /* Color.xcassets */ = {isa = PBXFileReference; lastKnownFileType = folder.assetcatalog; path = Color.xcassets; sourceTree = "<group>"; };
		A2696D6E272D6141001A2C60 /* UIColor+Extension.swift */ = {isa = PBXFileReference; lastKnownFileType = sourcecode.swift; path = "UIColor+Extension.swift"; sourceTree = "<group>"; };
		A2B7BDCD2714214300F1DB1F /* Code-Zero.app */ = {isa = PBXFileReference; explicitFileType = wrapper.application; includeInIndex = 0; path = "Code-Zero.app"; sourceTree = BUILT_PRODUCTS_DIR; };
		A2B7BDD02714214300F1DB1F /* AppDelegate.swift */ = {isa = PBXFileReference; lastKnownFileType = sourcecode.swift; path = AppDelegate.swift; sourceTree = "<group>"; };
		A2B7BDD22714214300F1DB1F /* SceneDelegate.swift */ = {isa = PBXFileReference; lastKnownFileType = sourcecode.swift; path = SceneDelegate.swift; sourceTree = "<group>"; };
		A2B7BDD42714214300F1DB1F /* ViewController.swift */ = {isa = PBXFileReference; lastKnownFileType = sourcecode.swift; path = ViewController.swift; sourceTree = "<group>"; };
		A2B7BDD72714214300F1DB1F /* Base */ = {isa = PBXFileReference; lastKnownFileType = file.storyboard; name = Base; path = Base.lproj/Main.storyboard; sourceTree = "<group>"; };
		A2B7BDD92714214600F1DB1F /* Assets.xcassets */ = {isa = PBXFileReference; lastKnownFileType = folder.assetcatalog; path = Assets.xcassets; sourceTree = "<group>"; };
		A2B7BDDC2714214600F1DB1F /* Base */ = {isa = PBXFileReference; lastKnownFileType = file.storyboard; name = Base; path = Base.lproj/LaunchScreen.storyboard; sourceTree = "<group>"; };
		A2B7BDDE2714214600F1DB1F /* Info.plist */ = {isa = PBXFileReference; lastKnownFileType = text.plist.xml; path = Info.plist; sourceTree = "<group>"; };
		A2B7BDE32714214700F1DB1F /* Code-ZeroTests.xctest */ = {isa = PBXFileReference; explicitFileType = wrapper.cfbundle; includeInIndex = 0; path = "Code-ZeroTests.xctest"; sourceTree = BUILT_PRODUCTS_DIR; };
		A2B7BDE72714214700F1DB1F /* Code_ZeroTests.swift */ = {isa = PBXFileReference; lastKnownFileType = sourcecode.swift; path = Code_ZeroTests.swift; sourceTree = "<group>"; };
		A2B7BDED2714214700F1DB1F /* Code-ZeroUITests.xctest */ = {isa = PBXFileReference; explicitFileType = wrapper.cfbundle; includeInIndex = 0; path = "Code-ZeroUITests.xctest"; sourceTree = BUILT_PRODUCTS_DIR; };
		A2B7BDF12714214700F1DB1F /* Code_ZeroUITests.swift */ = {isa = PBXFileReference; lastKnownFileType = sourcecode.swift; path = Code_ZeroUITests.swift; sourceTree = "<group>"; };
		A2B7BDF32714214700F1DB1F /* Code_ZeroUITestsLaunchTests.swift */ = {isa = PBXFileReference; lastKnownFileType = sourcecode.swift; path = Code_ZeroUITestsLaunchTests.swift; sourceTree = "<group>"; };
		A2DC88C6271C05030099438A /* .swiftlint.yml */ = {isa = PBXFileReference; lastKnownFileType = text.yaml; path = .swiftlint.yml; sourceTree = "<group>"; };
		A2DC88CE271C11D50099438A /* GenericResponse.swift */ = {isa = PBXFileReference; lastKnownFileType = sourcecode.swift; path = GenericResponse.swift; sourceTree = "<group>"; };
		A2DC88D0271C11EB0099438A /* UIFont+Extension.swift */ = {isa = PBXFileReference; lastKnownFileType = sourcecode.swift; path = "UIFont+Extension.swift"; sourceTree = "<group>"; };
		A2DC88D3271C122F0099438A /* Home.swift */ = {isa = PBXFileReference; lastKnownFileType = sourcecode.swift; path = Home.swift; sourceTree = "<group>"; };
		A2DC88D7271C12A90099438A /* NetworkResult.swift */ = {isa = PBXFileReference; lastKnownFileType = sourcecode.swift; path = NetworkResult.swift; sourceTree = "<group>"; };
/* End PBXFileReference section */

/* Begin PBXFrameworksBuildPhase section */
		A2B7BDCA2714214300F1DB1F /* Frameworks */ = {
			isa = PBXFrameworksBuildPhase;
			buildActionMask = 2147483647;
			files = (
				9BF5EA70272E8BD20008A5C3 /* SnapKit in Frameworks */,
				9BF5EA6D272E8B6D0008A5C3 /* Moya in Frameworks */,
				9BF5EA6A272E8A590008A5C3 /* FSCalendar in Frameworks */,
			);
			runOnlyForDeploymentPostprocessing = 0;
		};
		A2B7BDE02714214700F1DB1F /* Frameworks */ = {
			isa = PBXFrameworksBuildPhase;
			buildActionMask = 2147483647;
			files = (
			);
			runOnlyForDeploymentPostprocessing = 0;
		};
		A2B7BDEA2714214700F1DB1F /* Frameworks */ = {
			isa = PBXFrameworksBuildPhase;
			buildActionMask = 2147483647;
			files = (
			);
			runOnlyForDeploymentPostprocessing = 0;
		};
/* End PBXFrameworksBuildPhase section */

/* Begin PBXGroup section */
		19DE921D273FC8C6001B0C30 /* Cell */ = {
			isa = PBXGroup;
			children = (
				19DE921E273FC8D8001B0C30 /* TodayCalendarCell.swift */,
				19DE9220273FD0FD001B0C30 /* ChallengeCalendarCell.swift */,
			);
			path = Cell;
			sourceTree = "<group>";
		};
		9BFA84E82731496300E09C20 /* Calendar */ = {
			isa = PBXGroup;
			children = (
				19DE921D273FC8C6001B0C30 /* Cell */,
				9BFA84EA2731498B00E09C20 /* VC */,
				9BFA84E92731498000E09C20 /* Storyboard */,
			);
			path = Calendar;
			sourceTree = "<group>";
		};
		9BFA84E92731498000E09C20 /* Storyboard */ = {
			isa = PBXGroup;
			children = (
				9BFA84EB2731499800E09C20 /* Calendar.storyboard */,
				19BF8DE227474B6D00776E1A /* JoinChallengeView.xib */,
				1998752A274F9D76004CD747 /* ChallengeTitleView.xib */,
			);
			path = Storyboard;
			sourceTree = "<group>";
		};
		9BFA84EA2731498B00E09C20 /* VC */ = {
			isa = PBXGroup;
			children = (
				9B9927D92733DED200A180CB /* CalendarVC.swift */,
				19BF8DE427474BBD00776E1A /* JoinChallengeView.swift */,
				1998752C274FA852004CD747 /* ChallengeTitleView.swift */,
			);
			path = VC;
			sourceTree = "<group>";
		};
		A2696D5D272D1569001A2C60 /* Font */ = {
			isa = PBXGroup;
			children = (
				A2696D63272D163D001A2C60 /* FuturaStd-Bold.otf */,
				A2696D60272D163D001A2C60 /* FuturaStd-Heavy.otf */,
				A2696D5E272D163D001A2C60 /* FuturaStd-Medium.otf */,
				A2696D5F272D163D001A2C60 /* Spoqa Han Sans Neo Bold.otf */,
				A2696D61272D163D001A2C60 /* Spoqa Han Sans Neo Medium.otf */,
				A2696D62272D163D001A2C60 /* Spoqa Han Sans Neo Regular.otf */,
			);
			path = Font;
			sourceTree = "<group>";
		};
		A2B7BDC42714214300F1DB1F = {
			isa = PBXGroup;
			children = (
				A2DC88C6271C05030099438A /* .swiftlint.yml */,
				A2B7BDCF2714214300F1DB1F /* Code-Zero */,
				A2B7BDE62714214700F1DB1F /* Code-ZeroTests */,
				A2B7BDF02714214700F1DB1F /* Code-ZeroUITests */,
				A2B7BDCE2714214300F1DB1F /* Products */,
			);
			sourceTree = "<group>";
		};
		A2B7BDCE2714214300F1DB1F /* Products */ = {
			isa = PBXGroup;
			children = (
				A2B7BDCD2714214300F1DB1F /* Code-Zero.app */,
				A2B7BDE32714214700F1DB1F /* Code-ZeroTests.xctest */,
				A2B7BDED2714214700F1DB1F /* Code-ZeroUITests.xctest */,
			);
			name = Products;
			sourceTree = "<group>";
		};
		A2B7BDCF2714214300F1DB1F /* Code-Zero */ = {
			isa = PBXGroup;
			children = (
				A2DC88C8271C112D0099438A /* Global */,
				A2DC88C9271C113B0099438A /* Screen */,
				A2DC88CA271C11470099438A /* Support */,
				A2B7BDDB2714214600F1DB1F /* LaunchScreen.storyboard */,
			);
			path = "Code-Zero";
			sourceTree = "<group>";
		};
		A2B7BDE62714214700F1DB1F /* Code-ZeroTests */ = {
			isa = PBXGroup;
			children = (
				A2B7BDE72714214700F1DB1F /* Code_ZeroTests.swift */,
			);
			path = "Code-ZeroTests";
			sourceTree = "<group>";
		};
		A2B7BDF02714214700F1DB1F /* Code-ZeroUITests */ = {
			isa = PBXGroup;
			children = (
				A2B7BDF12714214700F1DB1F /* Code_ZeroUITests.swift */,
				A2B7BDF32714214700F1DB1F /* Code_ZeroUITestsLaunchTests.swift */,
			);
			path = "Code-ZeroUITests";
			sourceTree = "<group>";
		};
		A2DC88C8271C112D0099438A /* Global */ = {
			isa = PBXGroup;
			children = (
				A2DC88CC271C11970099438A /* Model */,
				A2DC88CB271C117D0099438A /* Extension */,
				A2DC88CD271C11B70099438A /* Service */,
			);
			path = Global;
			sourceTree = "<group>";
		};
		A2DC88C9271C113B0099438A /* Screen */ = {
			isa = PBXGroup;
			children = (
				9BFA84E82731496300E09C20 /* Calendar */,
				A2DC88D2271C12210099438A /* Home */,
			);
			path = Screen;
			sourceTree = "<group>";
		};
		A2DC88CA271C11470099438A /* Support */ = {
			isa = PBXGroup;
			children = (
				A2B7BDD92714214600F1DB1F /* Assets.xcassets */,
				A2696D6A272D60C1001A2C60 /* Color.xcassets */,
				A2B7BDDE2714214600F1DB1F /* Info.plist */,
				A2DC88D6271C12480099438A /* Delegate */,
				A2696D5D272D1569001A2C60 /* Font */,
			);
			path = Support;
			sourceTree = "<group>";
		};
		A2DC88CB271C117D0099438A /* Extension */ = {
			isa = PBXGroup;
			children = (
				194251A6274A3694007E86B8 /* UICollectionView+Extension.swift */,
				A25C8BF5272E9F9C00D2BA78 /* Date+Extension.swift */,
				A25C8BF7272E9FCB00D2BA78 /* String+Extension.swift */,
				A2696D6E272D6141001A2C60 /* UIColor+Extension.swift */,
				A2DC88D0271C11EB0099438A /* UIFont+Extension.swift */,
				A25C8BEF272E8ABB00D2BA78 /* UIView+Extension.swift */,
				A25C8BF1272E929F00D2BA78 /* UIViewController+Extension.swift */,
				A25C8BF3272E9E6500D2BA78 /* UITableView+Extension.swift */,
				A25C8BF92731417800D2BA78 /* UILable+Extension.swift */,
				A25C8BFB2731423000D2BA78 /* UIButton+Extension.swift */,
			);
			path = Extension;
			sourceTree = "<group>";
		};
		A2DC88CC271C11970099438A /* Model */ = {
			isa = PBXGroup;
			children = (
				A2DC88CE271C11D50099438A /* GenericResponse.swift */,
				19BF8DDE27473E9D00776E1A /* SelectedType.swift */,
			);
			path = Model;
			sourceTree = "<group>";
		};
		A2DC88CD271C11B70099438A /* Service */ = {
			isa = PBXGroup;
			children = (
				A2DC88D7271C12A90099438A /* NetworkResult.swift */,
			);
			path = Service;
			sourceTree = "<group>";
		};
		A2DC88D2271C12210099438A /* Home */ = {
			isa = PBXGroup;
			children = (
				A2B7BDD62714214300F1DB1F /* Main.storyboard */,
				A2B7BDD42714214300F1DB1F /* ViewController.swift */,
				A2DC88D3271C122F0099438A /* Home.swift */,
			);
			path = Home;
			sourceTree = "<group>";
		};
		A2DC88D6271C12480099438A /* Delegate */ = {
			isa = PBXGroup;
			children = (
				A2B7BDD02714214300F1DB1F /* AppDelegate.swift */,
				A2B7BDD22714214300F1DB1F /* SceneDelegate.swift */,
			);
			path = Delegate;
			sourceTree = "<group>";
		};
/* End PBXGroup section */

/* Begin PBXNativeTarget section */
		A2B7BDCC2714214300F1DB1F /* Code-Zero */ = {
			isa = PBXNativeTarget;
			buildConfigurationList = A2B7BDF72714214700F1DB1F /* Build configuration list for PBXNativeTarget "Code-Zero" */;
			buildPhases = (
				A2B7BDC92714214300F1DB1F /* Sources */,
				A2B7BDCA2714214300F1DB1F /* Frameworks */,
				A2B7BDCB2714214300F1DB1F /* Resources */,
				A2DC88C5271C049B0099438A /* ShellScript */,
			);
			buildRules = (
			);
			dependencies = (
			);
			name = "Code-Zero";
			packageProductDependencies = (
				9BF5EA69272E8A590008A5C3 /* FSCalendar */,
				9BF5EA6C272E8B6D0008A5C3 /* Moya */,
				9BF5EA6F272E8BD20008A5C3 /* SnapKit */,
			);
			productName = "Code-Zero";
			productReference = A2B7BDCD2714214300F1DB1F /* Code-Zero.app */;
			productType = "com.apple.product-type.application";
		};
		A2B7BDE22714214700F1DB1F /* Code-ZeroTests */ = {
			isa = PBXNativeTarget;
			buildConfigurationList = A2B7BDFA2714214700F1DB1F /* Build configuration list for PBXNativeTarget "Code-ZeroTests" */;
			buildPhases = (
				A2B7BDDF2714214700F1DB1F /* Sources */,
				A2B7BDE02714214700F1DB1F /* Frameworks */,
				A2B7BDE12714214700F1DB1F /* Resources */,
			);
			buildRules = (
			);
			dependencies = (
				A2B7BDE52714214700F1DB1F /* PBXTargetDependency */,
			);
			name = "Code-ZeroTests";
			productName = "Code-ZeroTests";
			productReference = A2B7BDE32714214700F1DB1F /* Code-ZeroTests.xctest */;
			productType = "com.apple.product-type.bundle.unit-test";
		};
		A2B7BDEC2714214700F1DB1F /* Code-ZeroUITests */ = {
			isa = PBXNativeTarget;
			buildConfigurationList = A2B7BDFD2714214700F1DB1F /* Build configuration list for PBXNativeTarget "Code-ZeroUITests" */;
			buildPhases = (
				A2B7BDE92714214700F1DB1F /* Sources */,
				A2B7BDEA2714214700F1DB1F /* Frameworks */,
				A2B7BDEB2714214700F1DB1F /* Resources */,
			);
			buildRules = (
			);
			dependencies = (
				A2B7BDEF2714214700F1DB1F /* PBXTargetDependency */,
			);
			name = "Code-ZeroUITests";
			productName = "Code-ZeroUITests";
			productReference = A2B7BDED2714214700F1DB1F /* Code-ZeroUITests.xctest */;
			productType = "com.apple.product-type.bundle.ui-testing";
		};
/* End PBXNativeTarget section */

/* Begin PBXProject section */
		A2B7BDC52714214300F1DB1F /* Project object */ = {
			isa = PBXProject;
			attributes = {
				BuildIndependentTargetsInParallel = 1;
				LastSwiftUpdateCheck = 1300;
				LastUpgradeCheck = 1300;
				TargetAttributes = {
					A2B7BDCC2714214300F1DB1F = {
						CreatedOnToolsVersion = 13.0;
					};
					A2B7BDE22714214700F1DB1F = {
						CreatedOnToolsVersion = 13.0;
						TestTargetID = A2B7BDCC2714214300F1DB1F;
					};
					A2B7BDEC2714214700F1DB1F = {
						CreatedOnToolsVersion = 13.0;
						TestTargetID = A2B7BDCC2714214300F1DB1F;
					};
				};
			};
			buildConfigurationList = A2B7BDC82714214300F1DB1F /* Build configuration list for PBXProject "Code-Zero" */;
			compatibilityVersion = "Xcode 13.0";
			developmentRegion = en;
			hasScannedForEncodings = 0;
			knownRegions = (
				en,
				Base,
			);
			mainGroup = A2B7BDC42714214300F1DB1F;
			packageReferences = (
				9BF5EA68272E8A580008A5C3 /* XCRemoteSwiftPackageReference "FSCalendar" */,
				9BF5EA6B272E8B6D0008A5C3 /* XCRemoteSwiftPackageReference "Moya" */,
				9BF5EA6E272E8BD20008A5C3 /* XCRemoteSwiftPackageReference "SnapKit" */,
			);
			productRefGroup = A2B7BDCE2714214300F1DB1F /* Products */;
			projectDirPath = "";
			projectRoot = "";
			targets = (
				A2B7BDCC2714214300F1DB1F /* Code-Zero */,
				A2B7BDE22714214700F1DB1F /* Code-ZeroTests */,
				A2B7BDEC2714214700F1DB1F /* Code-ZeroUITests */,
			);
		};
/* End PBXProject section */

/* Begin PBXResourcesBuildPhase section */
		A2B7BDCB2714214300F1DB1F /* Resources */ = {
			isa = PBXResourcesBuildPhase;
			buildActionMask = 2147483647;
			files = (
				9BFA84EC2731499800E09C20 /* Calendar.storyboard in Resources */,
				A2DC88C7271C05030099438A /* .swiftlint.yml in Resources */,
				A2696D64272D163D001A2C60 /* FuturaStd-Medium.otf in Resources */,
				A2B7BDDD2714214600F1DB1F /* LaunchScreen.storyboard in Resources */,
				19BF8DE327474B6D00776E1A /* JoinChallengeView.xib in Resources */,
				1998752B274F9D76004CD747 /* ChallengeTitleView.xib in Resources */,
				A2696D6B272D60C1001A2C60 /* Color.xcassets in Resources */,
				A2696D65272D163D001A2C60 /* Spoqa Han Sans Neo Bold.otf in Resources */,
				A2B7BDDA2714214600F1DB1F /* Assets.xcassets in Resources */,
				A2696D68272D163D001A2C60 /* Spoqa Han Sans Neo Regular.otf in Resources */,
				A2B7BDD82714214300F1DB1F /* Main.storyboard in Resources */,
				A2696D66272D163D001A2C60 /* FuturaStd-Heavy.otf in Resources */,
				A2696D67272D163D001A2C60 /* Spoqa Han Sans Neo Medium.otf in Resources */,
				A2696D69272D163D001A2C60 /* FuturaStd-Bold.otf in Resources */,
			);
			runOnlyForDeploymentPostprocessing = 0;
		};
		A2B7BDE12714214700F1DB1F /* Resources */ = {
			isa = PBXResourcesBuildPhase;
			buildActionMask = 2147483647;
			files = (
			);
			runOnlyForDeploymentPostprocessing = 0;
		};
		A2B7BDEB2714214700F1DB1F /* Resources */ = {
			isa = PBXResourcesBuildPhase;
			buildActionMask = 2147483647;
			files = (
			);
			runOnlyForDeploymentPostprocessing = 0;
		};
/* End PBXResourcesBuildPhase section */

/* Begin PBXShellScriptBuildPhase section */
		A2DC88C5271C049B0099438A /* ShellScript */ = {
			isa = PBXShellScriptBuildPhase;
			buildActionMask = 2147483647;
			files = (
			);
			inputFileListPaths = (
			);
			inputPaths = (
			);
			outputFileListPaths = (
			);
			outputPaths = (
			);
			runOnlyForDeploymentPostprocessing = 0;
			shellPath = /bin/sh;
			shellScript = "# Type a script or drag a script file from your workspace to insert its path.\nif test -d \"/opt/homebrew/bin/\"; then\n  PATH=\"/opt/homebrew/bin/:${PATH}\"\nfi\n\nexport PATH\n\nif which swiftlint >/dev/null; then\n  swiftlint\nelse\n  echo \"warning: SwiftLint not installed, download from https://github.com/realm/SwiftLint\"\nfi\n";
		};
/* End PBXShellScriptBuildPhase section */

/* Begin PBXSourcesBuildPhase section */
		A2B7BDC92714214300F1DB1F /* Sources */ = {
			isa = PBXSourcesBuildPhase;
			buildActionMask = 2147483647;
			files = (
				A25C8BF4272E9E6500D2BA78 /* UITableView+Extension.swift in Sources */,
				A2DC88D1271C11EB0099438A /* UIFont+Extension.swift in Sources */,
				A2B7BDD52714214300F1DB1F /* ViewController.swift in Sources */,
				A2B7BDD12714214300F1DB1F /* AppDelegate.swift in Sources */,
				19BF8DDF27473E9D00776E1A /* SelectedType.swift in Sources */,
				A25C8BF0272E8ABB00D2BA78 /* UIView+Extension.swift in Sources */,
				A25C8BF6272E9F9C00D2BA78 /* Date+Extension.swift in Sources */,
				A25C8BF8272E9FCB00D2BA78 /* String+Extension.swift in Sources */,
				A2DC88CF271C11D50099438A /* GenericResponse.swift in Sources */,
				19DE9221273FD0FD001B0C30 /* ChallengeCalendarCell.swift in Sources */,
				A25C8BFC2731423000D2BA78 /* UIButton+Extension.swift in Sources */,
				A25C8BFA2731417800D2BA78 /* UILable+Extension.swift in Sources */,
				19BF8DE527474BBD00776E1A /* JoinChallengeView.swift in Sources */,
				A2DC88D4271C122F0099438A /* Home.swift in Sources */,
				9B9927DA2733DED200A180CB /* CalendarVC.swift in Sources */,
				194251A7274A3694007E86B8 /* UICollectionView+Extension.swift in Sources */,
				A2B7BDD32714214300F1DB1F /* SceneDelegate.swift in Sources */,
				A2DC88D8271C12A90099438A /* NetworkResult.swift in Sources */,
				A25C8BF2272E929F00D2BA78 /* UIViewController+Extension.swift in Sources */,
				1998752D274FA852004CD747 /* ChallengeTitleView.swift in Sources */,
				A2696D6F272D6141001A2C60 /* UIColor+Extension.swift in Sources */,
				19DE921F273FC8D8001B0C30 /* TodayCalendarCell.swift in Sources */,
			);
			runOnlyForDeploymentPostprocessing = 0;
		};
		A2B7BDDF2714214700F1DB1F /* Sources */ = {
			isa = PBXSourcesBuildPhase;
			buildActionMask = 2147483647;
			files = (
				A2B7BDE82714214700F1DB1F /* Code_ZeroTests.swift in Sources */,
			);
			runOnlyForDeploymentPostprocessing = 0;
		};
		A2B7BDE92714214700F1DB1F /* Sources */ = {
			isa = PBXSourcesBuildPhase;
			buildActionMask = 2147483647;
			files = (
				A2B7BDF22714214700F1DB1F /* Code_ZeroUITests.swift in Sources */,
				A2B7BDF42714214700F1DB1F /* Code_ZeroUITestsLaunchTests.swift in Sources */,
			);
			runOnlyForDeploymentPostprocessing = 0;
		};
/* End PBXSourcesBuildPhase section */

/* Begin PBXTargetDependency section */
		A2B7BDE52714214700F1DB1F /* PBXTargetDependency */ = {
			isa = PBXTargetDependency;
			target = A2B7BDCC2714214300F1DB1F /* Code-Zero */;
			targetProxy = A2B7BDE42714214700F1DB1F /* PBXContainerItemProxy */;
		};
		A2B7BDEF2714214700F1DB1F /* PBXTargetDependency */ = {
			isa = PBXTargetDependency;
			target = A2B7BDCC2714214300F1DB1F /* Code-Zero */;
			targetProxy = A2B7BDEE2714214700F1DB1F /* PBXContainerItemProxy */;
		};
/* End PBXTargetDependency section */

/* Begin PBXVariantGroup section */
		A2B7BDD62714214300F1DB1F /* Main.storyboard */ = {
			isa = PBXVariantGroup;
			children = (
				A2B7BDD72714214300F1DB1F /* Base */,
			);
			name = Main.storyboard;
			sourceTree = "<group>";
		};
		A2B7BDDB2714214600F1DB1F /* LaunchScreen.storyboard */ = {
			isa = PBXVariantGroup;
			children = (
				A2B7BDDC2714214600F1DB1F /* Base */,
			);
			name = LaunchScreen.storyboard;
			sourceTree = "<group>";
		};
/* End PBXVariantGroup section */

/* Begin XCBuildConfiguration section */
		A2B7BDF52714214700F1DB1F /* Debug */ = {
			isa = XCBuildConfiguration;
			buildSettings = {
				ALWAYS_SEARCH_USER_PATHS = NO;
				CLANG_ANALYZER_NONNULL = YES;
				CLANG_ANALYZER_NUMBER_OBJECT_CONVERSION = YES_AGGRESSIVE;
				CLANG_CXX_LANGUAGE_STANDARD = "gnu++17";
				CLANG_CXX_LIBRARY = "libc++";
				CLANG_ENABLE_MODULES = YES;
				CLANG_ENABLE_OBJC_ARC = YES;
				CLANG_ENABLE_OBJC_WEAK = YES;
				CLANG_WARN_BLOCK_CAPTURE_AUTORELEASING = YES;
				CLANG_WARN_BOOL_CONVERSION = YES;
				CLANG_WARN_COMMA = YES;
				CLANG_WARN_CONSTANT_CONVERSION = YES;
				CLANG_WARN_DEPRECATED_OBJC_IMPLEMENTATIONS = YES;
				CLANG_WARN_DIRECT_OBJC_ISA_USAGE = YES_ERROR;
				CLANG_WARN_DOCUMENTATION_COMMENTS = YES;
				CLANG_WARN_EMPTY_BODY = YES;
				CLANG_WARN_ENUM_CONVERSION = YES;
				CLANG_WARN_INFINITE_RECURSION = YES;
				CLANG_WARN_INT_CONVERSION = YES;
				CLANG_WARN_NON_LITERAL_NULL_CONVERSION = YES;
				CLANG_WARN_OBJC_IMPLICIT_RETAIN_SELF = YES;
				CLANG_WARN_OBJC_LITERAL_CONVERSION = YES;
				CLANG_WARN_OBJC_ROOT_CLASS = YES_ERROR;
				CLANG_WARN_QUOTED_INCLUDE_IN_FRAMEWORK_HEADER = YES;
				CLANG_WARN_RANGE_LOOP_ANALYSIS = YES;
				CLANG_WARN_STRICT_PROTOTYPES = YES;
				CLANG_WARN_SUSPICIOUS_MOVE = YES;
				CLANG_WARN_UNGUARDED_AVAILABILITY = YES_AGGRESSIVE;
				CLANG_WARN_UNREACHABLE_CODE = YES;
				CLANG_WARN__DUPLICATE_METHOD_MATCH = YES;
				COPY_PHASE_STRIP = NO;
				DEBUG_INFORMATION_FORMAT = dwarf;
				ENABLE_STRICT_OBJC_MSGSEND = YES;
				ENABLE_TESTABILITY = YES;
				GCC_C_LANGUAGE_STANDARD = gnu11;
				GCC_DYNAMIC_NO_PIC = NO;
				GCC_NO_COMMON_BLOCKS = YES;
				GCC_OPTIMIZATION_LEVEL = 0;
				GCC_PREPROCESSOR_DEFINITIONS = (
					"DEBUG=1",
					"$(inherited)",
				);
				GCC_WARN_64_TO_32_BIT_CONVERSION = YES;
				GCC_WARN_ABOUT_RETURN_TYPE = YES_ERROR;
				GCC_WARN_UNDECLARED_SELECTOR = YES;
				GCC_WARN_UNINITIALIZED_AUTOS = YES_AGGRESSIVE;
				GCC_WARN_UNUSED_FUNCTION = YES;
				GCC_WARN_UNUSED_VARIABLE = YES;
				IPHONEOS_DEPLOYMENT_TARGET = 13.0;
				MTL_ENABLE_DEBUG_INFO = INCLUDE_SOURCE;
				MTL_FAST_MATH = YES;
				ONLY_ACTIVE_ARCH = YES;
				SDKROOT = iphoneos;
				SWIFT_ACTIVE_COMPILATION_CONDITIONS = DEBUG;
				SWIFT_OPTIMIZATION_LEVEL = "-Onone";
			};
			name = Debug;
		};
		A2B7BDF62714214700F1DB1F /* Release */ = {
			isa = XCBuildConfiguration;
			buildSettings = {
				ALWAYS_SEARCH_USER_PATHS = NO;
				CLANG_ANALYZER_NONNULL = YES;
				CLANG_ANALYZER_NUMBER_OBJECT_CONVERSION = YES_AGGRESSIVE;
				CLANG_CXX_LANGUAGE_STANDARD = "gnu++17";
				CLANG_CXX_LIBRARY = "libc++";
				CLANG_ENABLE_MODULES = YES;
				CLANG_ENABLE_OBJC_ARC = YES;
				CLANG_ENABLE_OBJC_WEAK = YES;
				CLANG_WARN_BLOCK_CAPTURE_AUTORELEASING = YES;
				CLANG_WARN_BOOL_CONVERSION = YES;
				CLANG_WARN_COMMA = YES;
				CLANG_WARN_CONSTANT_CONVERSION = YES;
				CLANG_WARN_DEPRECATED_OBJC_IMPLEMENTATIONS = YES;
				CLANG_WARN_DIRECT_OBJC_ISA_USAGE = YES_ERROR;
				CLANG_WARN_DOCUMENTATION_COMMENTS = YES;
				CLANG_WARN_EMPTY_BODY = YES;
				CLANG_WARN_ENUM_CONVERSION = YES;
				CLANG_WARN_INFINITE_RECURSION = YES;
				CLANG_WARN_INT_CONVERSION = YES;
				CLANG_WARN_NON_LITERAL_NULL_CONVERSION = YES;
				CLANG_WARN_OBJC_IMPLICIT_RETAIN_SELF = YES;
				CLANG_WARN_OBJC_LITERAL_CONVERSION = YES;
				CLANG_WARN_OBJC_ROOT_CLASS = YES_ERROR;
				CLANG_WARN_QUOTED_INCLUDE_IN_FRAMEWORK_HEADER = YES;
				CLANG_WARN_RANGE_LOOP_ANALYSIS = YES;
				CLANG_WARN_STRICT_PROTOTYPES = YES;
				CLANG_WARN_SUSPICIOUS_MOVE = YES;
				CLANG_WARN_UNGUARDED_AVAILABILITY = YES_AGGRESSIVE;
				CLANG_WARN_UNREACHABLE_CODE = YES;
				CLANG_WARN__DUPLICATE_METHOD_MATCH = YES;
				COPY_PHASE_STRIP = NO;
				DEBUG_INFORMATION_FORMAT = "dwarf-with-dsym";
				ENABLE_NS_ASSERTIONS = NO;
				ENABLE_STRICT_OBJC_MSGSEND = YES;
				GCC_C_LANGUAGE_STANDARD = gnu11;
				GCC_NO_COMMON_BLOCKS = YES;
				GCC_WARN_64_TO_32_BIT_CONVERSION = YES;
				GCC_WARN_ABOUT_RETURN_TYPE = YES_ERROR;
				GCC_WARN_UNDECLARED_SELECTOR = YES;
				GCC_WARN_UNINITIALIZED_AUTOS = YES_AGGRESSIVE;
				GCC_WARN_UNUSED_FUNCTION = YES;
				GCC_WARN_UNUSED_VARIABLE = YES;
				IPHONEOS_DEPLOYMENT_TARGET = 13.0;
				MTL_ENABLE_DEBUG_INFO = NO;
				MTL_FAST_MATH = YES;
				SDKROOT = iphoneos;
				SWIFT_COMPILATION_MODE = wholemodule;
				SWIFT_OPTIMIZATION_LEVEL = "-O";
				VALIDATE_PRODUCT = YES;
			};
			name = Release;
		};
		A2B7BDF82714214700F1DB1F /* Debug */ = {
			isa = XCBuildConfiguration;
			buildSettings = {
				ASSETCATALOG_COMPILER_APPICON_NAME = AppIcon;
				ASSETCATALOG_COMPILER_GLOBAL_ACCENT_COLOR_NAME = AccentColor;
				CODE_SIGN_STYLE = Automatic;
				CURRENT_PROJECT_VERSION = 1;
				DEVELOPMENT_TEAM = DUQE66MABG;
				GENERATE_INFOPLIST_FILE = YES;
				INFOPLIST_FILE = "Code-Zero/Support/Info.plist";
				INFOPLIST_KEY_UIApplicationSupportsIndirectInputEvents = YES;
				INFOPLIST_KEY_UILaunchStoryboardName = LaunchScreen;
				INFOPLIST_KEY_UIMainStoryboardFile = Main;
				INFOPLIST_KEY_UISupportedInterfaceOrientations_iPad = "UIInterfaceOrientationPortrait UIInterfaceOrientationPortraitUpsideDown UIInterfaceOrientationLandscapeLeft UIInterfaceOrientationLandscapeRight";
				INFOPLIST_KEY_UISupportedInterfaceOrientations_iPhone = "UIInterfaceOrientationPortrait UIInterfaceOrientationLandscapeLeft UIInterfaceOrientationLandscapeRight";
				LD_RUNPATH_SEARCH_PATHS = (
					"$(inherited)",
					"@executable_path/Frameworks",
				);
				MARKETING_VERSION = 1.0;
				PRODUCT_BUNDLE_IDENTIFIER = "com.team-zero.WYB";
				PRODUCT_NAME = "$(TARGET_NAME)";
				SWIFT_EMIT_LOC_STRINGS = YES;
				SWIFT_VERSION = 5.0;
				TARGETED_DEVICE_FAMILY = 1;
			};
			name = Debug;
		};
		A2B7BDF92714214700F1DB1F /* Release */ = {
			isa = XCBuildConfiguration;
			buildSettings = {
				ASSETCATALOG_COMPILER_APPICON_NAME = AppIcon;
				ASSETCATALOG_COMPILER_GLOBAL_ACCENT_COLOR_NAME = AccentColor;
				CODE_SIGN_STYLE = Automatic;
				CURRENT_PROJECT_VERSION = 1;
				DEVELOPMENT_TEAM = DUQE66MABG;
				GENERATE_INFOPLIST_FILE = YES;
				INFOPLIST_FILE = "Code-Zero/Support/Info.plist";
				INFOPLIST_KEY_UIApplicationSupportsIndirectInputEvents = YES;
				INFOPLIST_KEY_UILaunchStoryboardName = LaunchScreen;
				INFOPLIST_KEY_UIMainStoryboardFile = Main;
				INFOPLIST_KEY_UISupportedInterfaceOrientations_iPad = "UIInterfaceOrientationPortrait UIInterfaceOrientationPortraitUpsideDown UIInterfaceOrientationLandscapeLeft UIInterfaceOrientationLandscapeRight";
				INFOPLIST_KEY_UISupportedInterfaceOrientations_iPhone = "UIInterfaceOrientationPortrait UIInterfaceOrientationLandscapeLeft UIInterfaceOrientationLandscapeRight";
				LD_RUNPATH_SEARCH_PATHS = (
					"$(inherited)",
					"@executable_path/Frameworks",
				);
				MARKETING_VERSION = 1.0;
				PRODUCT_BUNDLE_IDENTIFIER = "com.team-zero.WYB";
				PRODUCT_NAME = "$(TARGET_NAME)";
				SWIFT_EMIT_LOC_STRINGS = YES;
				SWIFT_VERSION = 5.0;
				TARGETED_DEVICE_FAMILY = 1;
			};
			name = Release;
		};
		A2B7BDFB2714214700F1DB1F /* Debug */ = {
			isa = XCBuildConfiguration;
			buildSettings = {
				ALWAYS_EMBED_SWIFT_STANDARD_LIBRARIES = YES;
				BUNDLE_LOADER = "$(TEST_HOST)";
				CODE_SIGN_STYLE = Automatic;
				CURRENT_PROJECT_VERSION = 1;
				DEVELOPMENT_TEAM = HAWSBW2KW5;
				GENERATE_INFOPLIST_FILE = YES;
				IPHONEOS_DEPLOYMENT_TARGET = 15.0;
				LD_RUNPATH_SEARCH_PATHS = (
					"$(inherited)",
					"@executable_path/Frameworks",
					"@loader_path/Frameworks",
				);
				MARKETING_VERSION = 1.0;
				PRODUCT_BUNDLE_IDENTIFIER = "com.tistory.hereismyblog.Code-ZeroTests";
				PRODUCT_NAME = "$(TARGET_NAME)";
				SWIFT_EMIT_LOC_STRINGS = NO;
				SWIFT_VERSION = 5.0;
				TARGETED_DEVICE_FAMILY = "1,2";
				TEST_HOST = "$(BUILT_PRODUCTS_DIR)/Code-Zero.app/Code-Zero";
			};
			name = Debug;
		};
		A2B7BDFC2714214700F1DB1F /* Release */ = {
			isa = XCBuildConfiguration;
			buildSettings = {
				ALWAYS_EMBED_SWIFT_STANDARD_LIBRARIES = YES;
				BUNDLE_LOADER = "$(TEST_HOST)";
				CODE_SIGN_STYLE = Automatic;
				CURRENT_PROJECT_VERSION = 1;
				DEVELOPMENT_TEAM = HAWSBW2KW5;
				GENERATE_INFOPLIST_FILE = YES;
				IPHONEOS_DEPLOYMENT_TARGET = 15.0;
				LD_RUNPATH_SEARCH_PATHS = (
					"$(inherited)",
					"@executable_path/Frameworks",
					"@loader_path/Frameworks",
				);
				MARKETING_VERSION = 1.0;
				PRODUCT_BUNDLE_IDENTIFIER = "com.tistory.hereismyblog.Code-ZeroTests";
				PRODUCT_NAME = "$(TARGET_NAME)";
				SWIFT_EMIT_LOC_STRINGS = NO;
				SWIFT_VERSION = 5.0;
				TARGETED_DEVICE_FAMILY = "1,2";
				TEST_HOST = "$(BUILT_PRODUCTS_DIR)/Code-Zero.app/Code-Zero";
			};
			name = Release;
		};
		A2B7BDFE2714214700F1DB1F /* Debug */ = {
			isa = XCBuildConfiguration;
			buildSettings = {
				ALWAYS_EMBED_SWIFT_STANDARD_LIBRARIES = YES;
				CODE_SIGN_STYLE = Automatic;
				CURRENT_PROJECT_VERSION = 1;
				DEVELOPMENT_TEAM = HAWSBW2KW5;
				GENERATE_INFOPLIST_FILE = YES;
				LD_RUNPATH_SEARCH_PATHS = (
					"$(inherited)",
					"@executable_path/Frameworks",
					"@loader_path/Frameworks",
				);
				MARKETING_VERSION = 1.0;
				PRODUCT_BUNDLE_IDENTIFIER = "com.tistory.hereismyblog.Code-ZeroUITests";
				PRODUCT_NAME = "$(TARGET_NAME)";
				SWIFT_EMIT_LOC_STRINGS = NO;
				SWIFT_VERSION = 5.0;
				TARGETED_DEVICE_FAMILY = "1,2";
				TEST_TARGET_NAME = "Code-Zero";
			};
			name = Debug;
		};
		A2B7BDFF2714214700F1DB1F /* Release */ = {
			isa = XCBuildConfiguration;
			buildSettings = {
				ALWAYS_EMBED_SWIFT_STANDARD_LIBRARIES = YES;
				CODE_SIGN_STYLE = Automatic;
				CURRENT_PROJECT_VERSION = 1;
				DEVELOPMENT_TEAM = HAWSBW2KW5;
				GENERATE_INFOPLIST_FILE = YES;
				LD_RUNPATH_SEARCH_PATHS = (
					"$(inherited)",
					"@executable_path/Frameworks",
					"@loader_path/Frameworks",
				);
				MARKETING_VERSION = 1.0;
				PRODUCT_BUNDLE_IDENTIFIER = "com.tistory.hereismyblog.Code-ZeroUITests";
				PRODUCT_NAME = "$(TARGET_NAME)";
				SWIFT_EMIT_LOC_STRINGS = NO;
				SWIFT_VERSION = 5.0;
				TARGETED_DEVICE_FAMILY = "1,2";
				TEST_TARGET_NAME = "Code-Zero";
			};
			name = Release;
		};
/* End XCBuildConfiguration section */

/* Begin XCConfigurationList section */
		A2B7BDC82714214300F1DB1F /* Build configuration list for PBXProject "Code-Zero" */ = {
			isa = XCConfigurationList;
			buildConfigurations = (
				A2B7BDF52714214700F1DB1F /* Debug */,
				A2B7BDF62714214700F1DB1F /* Release */,
			);
			defaultConfigurationIsVisible = 0;
			defaultConfigurationName = Release;
		};
		A2B7BDF72714214700F1DB1F /* Build configuration list for PBXNativeTarget "Code-Zero" */ = {
			isa = XCConfigurationList;
			buildConfigurations = (
				A2B7BDF82714214700F1DB1F /* Debug */,
				A2B7BDF92714214700F1DB1F /* Release */,
			);
			defaultConfigurationIsVisible = 0;
			defaultConfigurationName = Release;
		};
		A2B7BDFA2714214700F1DB1F /* Build configuration list for PBXNativeTarget "Code-ZeroTests" */ = {
			isa = XCConfigurationList;
			buildConfigurations = (
				A2B7BDFB2714214700F1DB1F /* Debug */,
				A2B7BDFC2714214700F1DB1F /* Release */,
			);
			defaultConfigurationIsVisible = 0;
			defaultConfigurationName = Release;
		};
		A2B7BDFD2714214700F1DB1F /* Build configuration list for PBXNativeTarget "Code-ZeroUITests" */ = {
			isa = XCConfigurationList;
			buildConfigurations = (
				A2B7BDFE2714214700F1DB1F /* Debug */,
				A2B7BDFF2714214700F1DB1F /* Release */,
			);
			defaultConfigurationIsVisible = 0;
			defaultConfigurationName = Release;
		};
/* End XCConfigurationList section */

/* Begin XCRemoteSwiftPackageReference section */
		9BF5EA68272E8A580008A5C3 /* XCRemoteSwiftPackageReference "FSCalendar" */ = {
			isa = XCRemoteSwiftPackageReference;
			repositoryURL = "https://github.com/WenchaoD/FSCalendar";
			requirement = {
				kind = exactVersion;
				version = 2.8.2;
			};
		};
		9BF5EA6B272E8B6D0008A5C3 /* XCRemoteSwiftPackageReference "Moya" */ = {
			isa = XCRemoteSwiftPackageReference;
			repositoryURL = "https://github.com/Moya/Moya";
			requirement = {
				kind = exactVersion;
				version = 13.0.0;
			};
		};
		9BF5EA6E272E8BD20008A5C3 /* XCRemoteSwiftPackageReference "SnapKit" */ = {
			isa = XCRemoteSwiftPackageReference;
			repositoryURL = "https://github.com/SnapKit/SnapKit";
			requirement = {
				kind = exactVersion;
				version = 5.0.1;
			};
		};
/* End XCRemoteSwiftPackageReference section */

/* Begin XCSwiftPackageProductDependency section */
		9BF5EA69272E8A590008A5C3 /* FSCalendar */ = {
			isa = XCSwiftPackageProductDependency;
			package = 9BF5EA68272E8A580008A5C3 /* XCRemoteSwiftPackageReference "FSCalendar" */;
			productName = FSCalendar;
		};
		9BF5EA6C272E8B6D0008A5C3 /* Moya */ = {
			isa = XCSwiftPackageProductDependency;
			package = 9BF5EA6B272E8B6D0008A5C3 /* XCRemoteSwiftPackageReference "Moya" */;
			productName = Moya;
		};
		9BF5EA6F272E8BD20008A5C3 /* SnapKit */ = {
			isa = XCSwiftPackageProductDependency;
			package = 9BF5EA6E272E8BD20008A5C3 /* XCRemoteSwiftPackageReference "SnapKit" */;
			productName = SnapKit;
		};
/* End XCSwiftPackageProductDependency section */
	};
	rootObject = A2B7BDC52714214300F1DB1F /* Project object */;
}
